
Microsoft Visual Studio Solution File, Format Version 12.00
# Visual Studio 2013
VisualStudioVersion = 12.0.40629.0
MinimumVisualStudioVersion = 10.0.40219.1
Project("{FAE04EC0-301F-11D3-BF4B-00C04F79EFBC}") = "MonoTouchExample", "MonoTouchExample\MonoTouchExample.csproj", "{D24A853D-0E0F-4CD0-90E3-25608E81E716}"
EndProject
Global
	GlobalSection(SolutionConfigurationPlatforms) = preSolution
		Ad-Hoc|iPhone = Ad-Hoc|iPhone
		Ad-Hoc|iPhoneSimulator = Ad-Hoc|iPhoneSimulator
		AppStore|iPhone = AppStore|iPhone
		AppStore|iPhoneSimulator = AppStore|iPhoneSimulator
		Debug|iPhone = Debug|iPhone
		Debug|iPhoneSimulator = Debug|iPhoneSimulator
		Release|iPhone = Release|iPhone
		Release|iPhoneSimulator = Release|iPhoneSimulator
	EndGlobalSection
	GlobalSection(ProjectConfigurationPlatforms) = postSolution
		{D24A853D-0E0F-4CD0-90E3-25608E81E716}.Ad-Hoc|iPhone.ActiveCfg = Ad-Hoc|iPhone
		{D24A853D-0E0F-4CD0-90E3-25608E81E716}.Ad-Hoc|iPhone.Build.0 = Ad-Hoc|iPhone
		{D24A853D-0E0F-4CD0-90E3-25608E81E716}.Ad-Hoc|iPhoneSimulator.ActiveCfg = Ad-Hoc|iPhoneSimulator
		{D24A853D-0E0F-4CD0-90E3-25608E81E716}.Ad-Hoc|iPhoneSimulator.Build.0 = Ad-Hoc|iPhoneSimulator
		{D24A853D-0E0F-4CD0-90E3-25608E81E716}.AppStore|iPhone.ActiveCfg = AppStore|iPhone
		{D24A853D-0E0F-4CD0-90E3-25608E81E716}.AppStore|iPhone.Build.0 = AppStore|iPhone
		{D24A853D-0E0F-4CD0-90E3-25608E81E716}.AppStore|iPhoneSimulator.ActiveCfg = AppStore|iPhoneSimulator
		{D24A853D-0E0F-4CD0-90E3-25608E81E716}.AppStore|iPhoneSimulator.Build.0 = AppStore|iPhoneSimulator
		{D24A853D-0E0F-4CD0-90E3-25608E81E716}.Debug|iPhone.ActiveCfg = Debug|iPhone
		{D24A853D-0E0F-4CD0-90E3-25608E81E716}.Debug|iPhone.Build.0 = Debug|iPhone
		{D24A853D-0E0F-4CD0-90E3-25608E81E716}.Debug|iPhoneSimulator.ActiveCfg = Debug|iPhoneSimulator
		{D24A853D-0E0F-4CD0-90E3-25608E81E716}.Debug|iPhoneSimulator.Build.0 = Debug|iPhoneSimulator
		{D24A853D-0E0F-4CD0-90E3-25608E81E716}.Release|iPhone.ActiveCfg = Release|iPhone
		{D24A853D-0E0F-4CD0-90E3-25608E81E716}.Release|iPhone.Build.0 = Release|iPhone
		{D24A853D-0E0F-4CD0-90E3-25608E81E716}.Release|iPhoneSimulator.ActiveCfg = Release|iPhoneSimulator
		{D24A853D-0E0F-4CD0-90E3-25608E81E716}.Release|iPhoneSimulator.Build.0 = Release|iPhoneSimulator
	EndGlobalSection
	GlobalSection(SolutionProperties) = preSolution
		HideSolutionNode = FALSE
	EndGlobalSection
EndGlobal
